
Microsoft Visual Studio Solution File, Format Version 11.00
# Visual Studio 2010
Project("{FAE04EC0-301F-11D3-BF4B-00C04F79EFBC}") = "Assembly-CSharp", "Assembly-CSharp.csproj", "{6488D675-BDD6-2B10-400E-4CB3B249108E}"
EndProject
Project("{FAE04EC0-301F-11D3-BF4B-00C04F79EFBC}") = "Unity.ML-Agents", "Unity.ML-Agents.csproj", "{D495C42D-49E6-6063-9C4A-2EF8A528F53E}"
EndProject
Project("{FAE04EC0-301F-11D3-BF4B-00C04F79EFBC}") = "Unity.ML-Agents.Editor", "Unity.ML-Agents.Editor.csproj", "{4D4CDBC3-66CC-5FC6-191E-BEDE4E538326}"
EndProject
Global
	GlobalSection(SolutionConfigurationPlatforms) = preSolution
		Debug|Any CPU = Debug|Any CPU
		Release|Any CPU = Release|Any CPU
	EndGlobalSection
	GlobalSection(ProjectConfigurationPlatforms) = postSolution
		{6488D675-BDD6-2B10-400E-4CB3B249108E}.Debug|Any CPU.ActiveCfg = Debug|Any CPU
		{6488D675-BDD6-2B10-400E-4CB3B249108E}.Debug|Any CPU.Build.0 = Debug|Any CPU
		{6488D675-BDD6-2B10-400E-4CB3B249108E}.Release|Any CPU.ActiveCfg = Release|Any CPU
		{6488D675-BDD6-2B10-400E-4CB3B249108E}.Release|Any CPU.Build.0 = Release|Any CPU
		{D495C42D-49E6-6063-9C4A-2EF8A528F53E}.Debug|Any CPU.ActiveCfg = Debug|Any CPU
		{D495C42D-49E6-6063-9C4A-2EF8A528F53E}.Debug|Any CPU.Build.0 = Debug|Any CPU
		{D495C42D-49E6-6063-9C4A-2EF8A528F53E}.Release|Any CPU.ActiveCfg = Release|Any CPU
		{D495C42D-49E6-6063-9C4A-2EF8A528F53E}.Release|Any CPU.Build.0 = Release|Any CPU
		{4D4CDBC3-66CC-5FC6-191E-BEDE4E538326}.Debug|Any CPU.ActiveCfg = Debug|Any CPU
		{4D4CDBC3-66CC-5FC6-191E-BEDE4E538326}.Debug|Any CPU.Build.0 = Debug|Any CPU
		{4D4CDBC3-66CC-5FC6-191E-BEDE4E538326}.Release|Any CPU.ActiveCfg = Release|Any CPU
		{4D4CDBC3-66CC-5FC6-191E-BEDE4E538326}.Release|Any CPU.Build.0 = Release|Any CPU
	EndGlobalSection
	GlobalSection(SolutionProperties) = preSolution
		HideSolutionNode = FALSE
	EndGlobalSection
EndGlobal
